
Microsoft Visual Studio Solution File, Format Version 12.00
# Visual Studio 15
VisualStudioVersion = 15.0.26124.0
MinimumVisualStudioVersion = 15.0.26124.0
Project("{2150E333-8FDC-42A3-9474-1A3956D46DE8}") = "src", "src", "{0F4EBA25-EC16-4715-A5A2-4A162F75231C}"
EndProject
Project("{FAE04EC0-301F-11D3-BF4B-00C04F79EFBC}") = "WebApi", "sln\src\WebApi.Web\WebApi.Web.csproj", "{8BFDF82F-D02E-4F59-8930-E3B8BB492C6C}"
EndProject
Project("{2150E333-8FDC-42A3-9474-1A3956D46DE8}") = "sln", "sln", "{A5BBF0AD-8573-4866-A96E-6AE7F0D65304}"
EndProject
Project("{2150E333-8FDC-42A3-9474-1A3956D46DE8}") = "src", "src", "{3E4C67CE-8E20-4EB6-A748-5FABF199E15D}"
EndProject
Project("{FAE04EC0-301F-11D3-BF4B-00C04F79EFBC}") = "WebApi.Core", "sln\src\WebApi.Core\WebApi.Core.csproj", "{1317D023-7166-496F-BD4C-E41287FBE249}"
EndProject
Project("{FAE04EC0-301F-11D3-BF4B-00C04F79EFBC}") = "WebApi.Web.Tests", "sln\test\WebApi.Web.Tests\WebApi.Web.Tests.csproj", "{B61F9130-FBC0-4B38-B5E0-BF775A14ACF3}"
EndProject
Global
	GlobalSection(SolutionConfigurationPlatforms) = preSolution
		Debug|Any CPU = Debug|Any CPU
		Debug|x64 = Debug|x64
		Debug|x86 = Debug|x86
		Release|Any CPU = Release|Any CPU
		Release|x64 = Release|x64
		Release|x86 = Release|x86
	EndGlobalSection
	GlobalSection(SolutionProperties) = preSolution
		HideSolutionNode = FALSE
	EndGlobalSection
	GlobalSection(ProjectConfigurationPlatforms) = postSolution
		{8BFDF82F-D02E-4F59-8930-E3B8BB492C6C}.Debug|Any CPU.ActiveCfg = Debug|Any CPU
		{8BFDF82F-D02E-4F59-8930-E3B8BB492C6C}.Debug|Any CPU.Build.0 = Debug|Any CPU
		{8BFDF82F-D02E-4F59-8930-E3B8BB492C6C}.Debug|x64.ActiveCfg = Debug|Any CPU
		{8BFDF82F-D02E-4F59-8930-E3B8BB492C6C}.Debug|x64.Build.0 = Debug|Any CPU
		{8BFDF82F-D02E-4F59-8930-E3B8BB492C6C}.Debug|x86.ActiveCfg = Debug|Any CPU
		{8BFDF82F-D02E-4F59-8930-E3B8BB492C6C}.Debug|x86.Build.0 = Debug|Any CPU
		{8BFDF82F-D02E-4F59-8930-E3B8BB492C6C}.Release|Any CPU.ActiveCfg = Release|Any CPU
		{8BFDF82F-D02E-4F59-8930-E3B8BB492C6C}.Release|Any CPU.Build.0 = Release|Any CPU
		{8BFDF82F-D02E-4F59-8930-E3B8BB492C6C}.Release|x64.ActiveCfg = Release|Any CPU
		{8BFDF82F-D02E-4F59-8930-E3B8BB492C6C}.Release|x64.Build.0 = Release|Any CPU
		{8BFDF82F-D02E-4F59-8930-E3B8BB492C6C}.Release|x86.ActiveCfg = Release|Any CPU
		{8BFDF82F-D02E-4F59-8930-E3B8BB492C6C}.Release|x86.Build.0 = Release|Any CPU
		{1317D023-7166-496F-BD4C-E41287FBE249}.Debug|Any CPU.ActiveCfg = Debug|Any CPU
		{1317D023-7166-496F-BD4C-E41287FBE249}.Debug|Any CPU.Build.0 = Debug|Any CPU
		{1317D023-7166-496F-BD4C-E41287FBE249}.Debug|x64.ActiveCfg = Debug|Any CPU
		{1317D023-7166-496F-BD4C-E41287FBE249}.Debug|x64.Build.0 = Debug|Any CPU
		{1317D023-7166-496F-BD4C-E41287FBE249}.Debug|x86.ActiveCfg = Debug|Any CPU
		{1317D023-7166-496F-BD4C-E41287FBE249}.Debug|x86.Build.0 = Debug|Any CPU
		{1317D023-7166-496F-BD4C-E41287FBE249}.Release|Any CPU.ActiveCfg = Release|Any CPU
		{1317D023-7166-496F-BD4C-E41287FBE249}.Release|Any CPU.Build.0 = Release|Any CPU
		{1317D023-7166-496F-BD4C-E41287FBE249}.Release|x64.ActiveCfg = Release|Any CPU
		{1317D023-7166-496F-BD4C-E41287FBE249}.Release|x64.Build.0 = Release|Any CPU
		{1317D023-7166-496F-BD4C-E41287FBE249}.Release|x86.ActiveCfg = Release|Any CPU
		{1317D023-7166-496F-BD4C-E41287FBE249}.Release|x86.Build.0 = Release|Any CPU
		{B61F9130-FBC0-4B38-B5E0-BF775A14ACF3}.Debug|Any CPU.ActiveCfg = Debug|Any CPU
		{B61F9130-FBC0-4B38-B5E0-BF775A14ACF3}.Debug|Any CPU.Build.0 = Debug|Any CPU
		{B61F9130-FBC0-4B38-B5E0-BF775A14ACF3}.Debug|x64.ActiveCfg = Debug|Any CPU
		{B61F9130-FBC0-4B38-B5E0-BF775A14ACF3}.Debug|x64.Build.0 = Debug|Any CPU
		{B61F9130-FBC0-4B38-B5E0-BF775A14ACF3}.Debug|x86.ActiveCfg = Debug|Any CPU
		{B61F9130-FBC0-4B38-B5E0-BF775A14ACF3}.Debug|x86.Build.0 = Debug|Any CPU
		{B61F9130-FBC0-4B38-B5E0-BF775A14ACF3}.Release|Any CPU.ActiveCfg = Release|Any CPU
		{B61F9130-FBC0-4B38-B5E0-BF775A14ACF3}.Release|Any CPU.Build.0 = Release|Any CPU
		{B61F9130-FBC0-4B38-B5E0-BF775A14ACF3}.Release|x64.ActiveCfg = Release|Any CPU
		{B61F9130-FBC0-4B38-B5E0-BF775A14ACF3}.Release|x64.Build.0 = Release|Any CPU
		{B61F9130-FBC0-4B38-B5E0-BF775A14ACF3}.Release|x86.ActiveCfg = Release|Any CPU
		{B61F9130-FBC0-4B38-B5E0-BF775A14ACF3}.Release|x86.Build.0 = Release|Any CPU
	EndGlobalSection
	GlobalSection(NestedProjects) = preSolution
		{8BFDF82F-D02E-4F59-8930-E3B8BB492C6C} = {0F4EBA25-EC16-4715-A5A2-4A162F75231C}
		{3E4C67CE-8E20-4EB6-A748-5FABF199E15D} = {A5BBF0AD-8573-4866-A96E-6AE7F0D65304}
		{1317D023-7166-496F-BD4C-E41287FBE249} = {3E4C67CE-8E20-4EB6-A748-5FABF199E15D}
	EndGlobalSection
EndGlobal
